
Microsoft Visual Studio Solution File, Format Version 12.00
# Visual Studio Version 16
VisualStudioVersion = 16.0.29409.12
MinimumVisualStudioVersion = 10.0.40219.1
Project("{9A19103F-16F7-4668-BE54-9A1E7A4F7556}") = "Core_Trial", "Core_Trial\Core_Trial.csproj", "{12AA379F-2C14-4F9D-8A68-ABF8F165484E}"
EndProject
Project("{FAE04EC0-301F-11D3-BF4B-00C04F79EFBC}") = "KunstBeach_ClassLibrary", "database_KunstBeach\KunstBeach_ClassLibrary.csproj", "{AB2DB291-AF5C-4249-AC7C-1205B711D2AA}"
EndProject
Global
	GlobalSection(SolutionConfigurationPlatforms) = preSolution
		Debug|Any CPU = Debug|Any CPU
		Release|Any CPU = Release|Any CPU
	EndGlobalSection
	GlobalSection(ProjectConfigurationPlatforms) = postSolution
		{12AA379F-2C14-4F9D-8A68-ABF8F165484E}.Debug|Any CPU.ActiveCfg = Debug|Any CPU
		{12AA379F-2C14-4F9D-8A68-ABF8F165484E}.Debug|Any CPU.Build.0 = Debug|Any CPU
		{12AA379F-2C14-4F9D-8A68-ABF8F165484E}.Release|Any CPU.ActiveCfg = Release|Any CPU
		{12AA379F-2C14-4F9D-8A68-ABF8F165484E}.Release|Any CPU.Build.0 = Release|Any CPU
		{AB2DB291-AF5C-4249-AC7C-1205B711D2AA}.Debug|Any CPU.ActiveCfg = Debug|Any CPU
		{AB2DB291-AF5C-4249-AC7C-1205B711D2AA}.Debug|Any CPU.Build.0 = Debug|Any CPU
		{AB2DB291-AF5C-4249-AC7C-1205B711D2AA}.Release|Any CPU.ActiveCfg = Release|Any CPU
		{AB2DB291-AF5C-4249-AC7C-1205B711D2AA}.Release|Any CPU.Build.0 = Release|Any CPU
	EndGlobalSection
	GlobalSection(SolutionProperties) = preSolution
		HideSolutionNode = FALSE
	EndGlobalSection
	GlobalSection(ExtensibilityGlobals) = postSolution
		SolutionGuid = {E626D4BA-ADFA-4C0B-9DB7-34968A4B6569}
	EndGlobalSection
EndGlobal
